
Microsoft Visual Studio Solution File, Format Version 12.00
# Visual Studio Version 17
VisualStudioVersion = 17.0.32126.317
MinimumVisualStudioVersion = 10.0.40219.1
Project("{FAE04EC0-301F-11D3-BF4B-00C04F79EFBC}") = "rock-paper-scissors", "rock-paper-scissors\rock-paper-scissors.csproj", "{29104DC2-7175-4F0E-B96B-61C9D467B760}"
EndProject
Global
	GlobalSection(SolutionConfigurationPlatforms) = preSolution
		Debug|Any CPU = Debug|Any CPU
		Release|Any CPU = Release|Any CPU
	EndGlobalSection
	GlobalSection(ProjectConfigurationPlatforms) = postSolution
		{29104DC2-7175-4F0E-B96B-61C9D467B760}.Debug|Any CPU.ActiveCfg = Debug|Any CPU
		{29104DC2-7175-4F0E-B96B-61C9D467B760}.Debug|Any CPU.Build.0 = Debug|Any CPU
		{29104DC2-7175-4F0E-B96B-61C9D467B760}.Release|Any CPU.ActiveCfg = Release|Any CPU
		{29104DC2-7175-4F0E-B96B-61C9D467B760}.Release|Any CPU.Build.0 = Release|Any CPU
	EndGlobalSection
	GlobalSection(SolutionProperties) = preSolution
		HideSolutionNode = FALSE
	EndGlobalSection
	GlobalSection(ExtensibilityGlobals) = postSolution
		SolutionGuid = {AC820FD3-3C39-41A6-BE14-85E84C0D20FB}
	EndGlobalSection
EndGlobal
